<?xml version="1.0" encoding="utf-8"?>
<Project ToolsVersion="4.0" xmlns="http://schemas.microsoft.com/developer/msbuild/2003">
  <ItemGroup>
    <ClCompile Include="..\Dependencies\gizmos\AIE\Gizmos.cpp" />
    <ClCompile Include="..\Dependencies\gl_core\gl_core_4_4.cpp" />
    <ClCompile Include="Source\Engine\Core\ShaderHandler.cpp" />
    <ClCompile Include="Source\Engine\GUI\AntTweak.cpp" />
    <ClCompile Include="Source\Engine\Objects\BaseObject.cpp" />
    <ClCompile Include="Source\Engine\Objects\FBXModel.cpp" />
    <ClCompile Include="Source\Engine\Objects\ObjMesh.cpp" />
    <ClCompile Include="Source\Engine\Particles\CPUParticleEmitter.cpp" />
    <ClCompile Include="Source\Engine\Particles\GPUParticleEmitter.cpp" />
    <ClCompile Include="Source\Engine\Renderer\FBO_RenderScreen.cpp" />
    <ClCompile Include="Source\Engine\Renderer\SkyBox.cpp" />
    <ClCompile Include="Source\Engine\Renderer\TextureHandler.cpp" />
    <ClCompile Include="Source\Engine\TransGrid.cpp" />
    <ClCompile Include="Source\Engine\Cameras\BaseCamera.cpp" />
    <ClCompile Include="Source\Engine\Cameras\FlyCamera.cpp" />
    <ClCompile Include="Source\Engine\Core\BaseApp.cpp" />
    <ClCompile Include="main.cpp" />
    <ClCompile Include="Source\Engine\Input\InputHandle.cpp" />
    <ClCompile Include="Source\Assessments\Physics\PhysComps\Assets\PhysSpringJoint.cpp" />
    <ClCompile Include="Source\Assessments\Physics\PhysComps\Assets\RigidBody.cpp" />
    <ClCompile Include="Source\Assessments\Physics\PhysComps\PhysScene.cpp" />
    <ClCompile Include="Source\Assessments\Physics\PhysHandle.cpp" />
    <ClCompile Include="Source\Assessments\Physics\PhysicsAssignment.cpp" />
    <ClCompile Include="Source\Assessments\Physics\PhysXHandle.cpp" />
    <ClCompile Include="Source\Assessments\Physics\PhysComps\Assets\PhysAABB.cpp" />
    <ClCompile Include="Source\Assessments\Physics\PhysComps\Assets\PhysPlane.cpp" />
    <ClCompile Include="Source\Assessments\Physics\PhysComps\Assets\PhysSphere.cpp" />
  </ItemGroup>
  <ItemGroup>
    <ClInclude Include="Source\Tutorial\CacheCohrence.h" />
    <ClInclude Include="Source\Engine\Core\ShaderHandler.h" />
    <ClInclude Include="Source\Engine\GUI\AntTweak.h" />
    <ClInclude Include="Source\Engine\Objects\BaseObject.h" />
    <ClInclude Include="Source\Engine\Objects\FBXAnimation.h" />
    <ClInclude Include="Source\Engine\Objects\FBXModel.h" />
    <ClInclude Include="Source\Engine\Objects\ObjMesh.h" />
    <ClInclude Include="Source\Engine\Particles\CPUParticleEmitter.h" />
    <ClInclude Include="Source\Engine\Particles\GPUParticleEmitter.h" />
    <ClInclude Include="Source\Engine\Particles\ParticleTypes.h" />
    <ClInclude Include="Source\Engine\Renderer\FBO_RenderScreen.h" />
    <ClInclude Include="Source\Engine\Renderer\SkyBox.h" />
    <ClInclude Include="Source\Engine\Renderer\TextureHandler.h" />
    <ClInclude Include="Source\Engine\Culling.h" />
    <ClInclude Include="Source\Engine\TransGrid.h" />
    <ClInclude Include="Source\Engine\Cameras\BaseCamera.h" />
    <ClInclude Include="Source\Engine\Cameras\FlyCamera.h" />
    <ClInclude Include="Source\Engine\Core\BaseApp.h" />
    <ClInclude Include="Source\Engine\Input\InputHandle.h" />
    <ClInclude Include="Source\Assessments\Physics\PhysComps\Assets\PhysSpringJoint.h" />
    <ClInclude Include="Source\Assessments\Physics\PhysComps\Assets\RigidBody.h" />
    <ClInclude Include="Source\Assessments\Physics\PhysComps\PhysScene.h" />
    <ClInclude Include="Source\Assessments\Physics\PhysXComps\PhysXRagdoll.h" />
    <ClInclude Include="Source\Assessments\Physics\PhysHandle.h" />
    <ClInclude Include="Source\Assessments\Physics\PhysicsAssignment.h" />
    <ClInclude Include="Source\Assessments\Physics\PhysXHandle.h" />
    <ClInclude Include="Source\Assessments\Physics\PhysComps\Assets\PhysAABB.h" />
    <ClInclude Include="Source\Assessments\Physics\PhysComps\Assets\PhysActor.h" />
    <ClInclude Include="Source\Assessments\Physics\PhysComps\Assets\PhysPlane.h" />
    <ClInclude Include="Source\Assessments\Physics\PhysComps\Assets\PhysSphere.h" />
    <ClInclude Include="Source\Assessments\Physics\PhysXComps\MyAllocator.h" />
  </ItemGroup>
</Project>